
Microsoft Visual Studio Solution File, Format Version 12.00
# Visual Studio 15
Project("{FAE04EC0-301F-11D3-BF4B-00C04F79EFBC}") = "vb_course_angular", "vb_course_angular\vb_course_angular.csproj", "{842174F4-8923-4460-8528-37816D827FDB}"
EndProject
Global
	GlobalSection(SolutionConfigurationPlatforms) = preSolution
		Debug|Any CPU = Debug|Any CPU
		Release|Any CPU = Release|Any CPU
	EndGlobalSection
	GlobalSection(ProjectConfigurationPlatforms) = postSolution
		{842174F4-8923-4460-8528-37816D827FDB}.Debug|Any CPU.ActiveCfg = Debug|Any CPU
		{842174F4-8923-4460-8528-37816D827FDB}.Debug|Any CPU.Build.0 = Debug|Any CPU
		{842174F4-8923-4460-8528-37816D827FDB}.Release|Any CPU.ActiveCfg = Release|Any CPU
		{842174F4-8923-4460-8528-37816D827FDB}.Release|Any CPU.Build.0 = Release|Any CPU
	EndGlobalSection
EndGlobal
